// !$*UTF8*$!
{
	archiveVersion = 1;
	classes = {
	};
	objectVersion = 48;
	objects = {

/* Begin PBXBuildFile section */
		4612163223D9C8E40042B5CD /* main.cpp in Sources */ = {isa = PBXBuildFile; fileRef = 4612163123D9C8E40042B5CD /* main.cpp */; };
		4612164023D9C92E0042B5CD /* webserver.cpp in Sources */ = {isa = PBXBuildFile; fileRef = 4612163823D9C92D0042B5CD /* webserver.cpp */; };
		4612164423DAA0C80042B5CD /* csapp.cpp in Sources */ = {isa = PBXBuildFile; fileRef = 4612164223DAA0C80042B5CD /* csapp.cpp */; };
		4612164723DDB53B0042B5CD /* start.cpp in Sources */ = {isa = PBXBuildFile; fileRef = 4612164523DDB53B0042B5CD /* start.cpp */; };
/* End PBXBuildFile section */

/* Begin PBXCopyFilesBuildPhase section */
		4612162C23D9C8E40042B5CD /* CopyFiles */ = {
			isa = PBXCopyFilesBuildPhase;
			buildActionMask = 2147483647;
			dstPath = /usr/share/man/man1/;
			dstSubfolderSpec = 0;
			files = (
			);
			runOnlyForDeploymentPostprocessing = 1;
		};
/* End PBXCopyFilesBuildPhase section */

/* Begin PBXFileReference section */
		4612162E23D9C8E40042B5CD /* webserver */ = {isa = PBXFileReference; explicitFileType = "compiled.mach-o.executable"; includeInIndex = 0; path = webserver; sourceTree = BUILT_PRODUCTS_DIR; };
		4612163123D9C8E40042B5CD /* main.cpp */ = {isa = PBXFileReference; lastKnownFileType = sourcecode.cpp.cpp; path = main.cpp; sourceTree = "<group>"; };
		4612163823D9C92D0042B5CD /* webserver.cpp */ = {isa = PBXFileReference; fileEncoding = 4; lastKnownFileType = sourcecode.cpp.cpp; path = webserver.cpp; sourceTree = "<group>"; };
		4612163923D9C92E0042B5CD /* globalvar.h */ = {isa = PBXFileReference; fileEncoding = 4; lastKnownFileType = sourcecode.c.h; path = globalvar.h; sourceTree = "<group>"; };
		4612163A23D9C92E0042B5CD /* serverlog.hpp */ = {isa = PBXFileReference; fileEncoding = 4; lastKnownFileType = sourcecode.cpp.h; path = serverlog.hpp; sourceTree = "<group>"; };
		4612163E23D9C92E0042B5CD /* webserver.hpp */ = {isa = PBXFileReference; fileEncoding = 4; lastKnownFileType = sourcecode.cpp.h; path = webserver.hpp; sourceTree = "<group>"; };
		4612163F23D9C92E0042B5CD /* home.html */ = {isa = PBXFileReference; fileEncoding = 4; lastKnownFileType = text.html; path = home.html; sourceTree = "<group>"; };
		4612164223DAA0C80042B5CD /* csapp.cpp */ = {isa = PBXFileReference; lastKnownFileType = sourcecode.cpp.cpp; path = csapp.cpp; sourceTree = "<group>"; };
		4612164323DAA0C80042B5CD /* csapp.hpp */ = {isa = PBXFileReference; lastKnownFileType = sourcecode.cpp.h; path = csapp.hpp; sourceTree = "<group>"; };
		4612164523DDB53B0042B5CD /* start.cpp */ = {isa = PBXFileReference; lastKnownFileType = sourcecode.cpp.cpp; path = start.cpp; sourceTree = "<group>"; };
		4612164623DDB53B0042B5CD /* start.hpp */ = {isa = PBXFileReference; lastKnownFileType = sourcecode.cpp.h; path = start.hpp; sourceTree = "<group>"; };
/* End PBXFileReference section */

/* Begin PBXFrameworksBuildPhase section */
		4612162B23D9C8E40042B5CD /* Frameworks */ = {
			isa = PBXFrameworksBuildPhase;
			buildActionMask = 2147483647;
			files = (
			);
			runOnlyForDeploymentPostprocessing = 0;
		};
/* End PBXFrameworksBuildPhase section */

/* Begin PBXGroup section */
		4612162523D9C8E30042B5CD = {
			isa = PBXGroup;
			children = (
				4612163023D9C8E40042B5CD /* webserver */,
				4612162F23D9C8E40042B5CD /* Products */,
			);
			sourceTree = "<group>";
		};
		4612162F23D9C8E40042B5CD /* Products */ = {
			isa = PBXGroup;
			children = (
				4612162E23D9C8E40042B5CD /* webserver */,
			);
			name = Products;
			sourceTree = "<group>";
		};
		4612163023D9C8E40042B5CD /* webserver */ = {
			isa = PBXGroup;
			children = (
				4612163C23D9C92E0042B5CD /* cgi-bin */,
				4612164223DAA0C80042B5CD /* csapp.cpp */,
				4612164323DAA0C80042B5CD /* csapp.hpp */,
				4612163923D9C92E0042B5CD /* globalvar.h */,
				4612163F23D9C92E0042B5CD /* home.html */,
				4612163A23D9C92E0042B5CD /* serverlog.hpp */,
				4612163823D9C92D0042B5CD /* webserver.cpp */,
				4612163E23D9C92E0042B5CD /* webserver.hpp */,
				4612163123D9C8E40042B5CD /* main.cpp */,
				4612164523DDB53B0042B5CD /* start.cpp */,
				4612164623DDB53B0042B5CD /* start.hpp */,
			);
			path = webserver;
			sourceTree = "<group>";
		};
		4612163C23D9C92E0042B5CD /* cgi-bin */ = {
			isa = PBXGroup;
			children = (
			);
			path = "cgi-bin";
			sourceTree = "<group>";
		};
/* End PBXGroup section */

/* Begin PBXNativeTarget section */
		4612162D23D9C8E40042B5CD /* webserver */ = {
			isa = PBXNativeTarget;
			buildConfigurationList = 4612163523D9C8E40042B5CD /* Build configuration list for PBXNativeTarget "webserver" */;
			buildPhases = (
				4612162A23D9C8E40042B5CD /* Sources */,
				4612162B23D9C8E40042B5CD /* Frameworks */,
				4612162C23D9C8E40042B5CD /* CopyFiles */,
			);
			buildRules = (
			);
			dependencies = (
			);
			name = webserver;
			productName = webserver;
			productReference = 4612162E23D9C8E40042B5CD /* webserver */;
			productType = "com.apple.product-type.tool";
		};
/* End PBXNativeTarget section */

/* Begin PBXProject section */
		4612162623D9C8E30042B5CD /* Project object */ = {
			isa = PBXProject;
			attributes = {
				LastUpgradeCheck = 0920;
				ORGANIZATIONNAME = "dong da kuan";
				TargetAttributes = {
					4612162D23D9C8E40042B5CD = {
						CreatedOnToolsVersion = 9.2;
						ProvisioningStyle = Automatic;
					};
				};
			};
			buildConfigurationList = 4612162923D9C8E30042B5CD /* Build configuration list for PBXProject "webserver" */;
			compatibilityVersion = "Xcode 8.0";
			developmentRegion = en;
			hasScannedForEncodings = 0;
			knownRegions = (
				en,
			);
			mainGroup = 4612162523D9C8E30042B5CD;
			productRefGroup = 4612162F23D9C8E40042B5CD /* Products */;
			projectDirPath = "";
			projectRoot = "";
			targets = (
				4612162D23D9C8E40042B5CD /* webserver */,
			);
		};
/* End PBXProject section */

/* Begin PBXSourcesBuildPhase section */
		4612162A23D9C8E40042B5CD /* Sources */ = {
			isa = PBXSourcesBuildPhase;
			buildActionMask = 2147483647;
			files = (
				4612164723DDB53B0042B5CD /* start.cpp in Sources */,
				4612164423DAA0C80042B5CD /* csapp.cpp in Sources */,
				4612163223D9C8E40042B5CD /* main.cpp in Sources */,
				4612164023D9C92E0042B5CD /* webserver.cpp in Sources */,
			);
			runOnlyForDeploymentPostprocessing = 0;
		};
/* End PBXSourcesBuildPhase section */

/* Begin XCBuildConfiguration section */
		4612163323D9C8E40042B5CD /* Debug */ = {
			isa = XCBuildConfiguration;
			buildSettings = {
				ALWAYS_SEARCH_USER_PATHS = NO;
				CLANG_ANALYZER_NONNULL = YES;
				CLANG_ANALYZER_NUMBER_OBJECT_CONVERSION = YES_AGGRESSIVE;
				CLANG_CXX_LANGUAGE_STANDARD = "gnu++14";
				CLANG_CXX_LIBRARY = "libc++";
				CLANG_ENABLE_MODULES = YES;
				CLANG_ENABLE_OBJC_ARC = YES;
				CLANG_WARN_BLOCK_CAPTURE_AUTORELEASING = YES;
				CLANG_WARN_BOOL_CONVERSION = YES;
				CLANG_WARN_COMMA = YES;
				CLANG_WARN_CONSTANT_CONVERSION = YES;
				CLANG_WARN_DIRECT_OBJC_ISA_USAGE = YES_ERROR;
				CLANG_WARN_DOCUMENTATION_COMMENTS = YES;
				CLANG_WARN_EMPTY_BODY = YES;
				CLANG_WARN_ENUM_CONVERSION = YES;
				CLANG_WARN_INFINITE_RECURSION = YES;
				CLANG_WARN_INT_CONVERSION = YES;
				CLANG_WARN_NON_LITERAL_NULL_CONVERSION = YES;
				CLANG_WARN_OBJC_LITERAL_CONVERSION = YES;
				CLANG_WARN_OBJC_ROOT_CLASS = YES_ERROR;
				CLANG_WARN_RANGE_LOOP_ANALYSIS = YES;
				CLANG_WARN_STRICT_PROTOTYPES = YES;
				CLANG_WARN_SUSPICIOUS_MOVE = YES;
				CLANG_WARN_UNGUARDED_AVAILABILITY = YES_AGGRESSIVE;
				CLANG_WARN_UNREACHABLE_CODE = YES;
				CLANG_WARN__DUPLICATE_METHOD_MATCH = YES;
				CODE_SIGN_IDENTITY = "-";
				COPY_PHASE_STRIP = NO;
				DEBUG_INFORMATION_FORMAT = dwarf;
				ENABLE_STRICT_OBJC_MSGSEND = YES;
				ENABLE_TESTABILITY = YES;
				GCC_C_LANGUAGE_STANDARD = gnu11;
				GCC_DYNAMIC_NO_PIC = NO;
				GCC_NO_COMMON_BLOCKS = YES;
				GCC_OPTIMIZATION_LEVEL = 0;
				GCC_PREPROCESSOR_DEFINITIONS = (
					"DEBUG=1",
					"$(inherited)",
				);
				GCC_WARN_64_TO_32_BIT_CONVERSION = YES;
				GCC_WARN_ABOUT_RETURN_TYPE = YES_ERROR;
				GCC_WARN_UNDECLARED_SELECTOR = YES;
				GCC_WARN_UNINITIALIZED_AUTOS = YES_AGGRESSIVE;
				GCC_WARN_UNUSED_FUNCTION = YES;
				GCC_WARN_UNUSED_VARIABLE = YES;
				MACOSX_DEPLOYMENT_TARGET = 10.13;
				MTL_ENABLE_DEBUG_INFO = YES;
				ONLY_ACTIVE_ARCH = YES;
				SDKROOT = macosx;
			};
			name = Debug;
		};
		4612163423D9C8E40042B5CD /* Release */ = {
			isa = XCBuildConfiguration;
			buildSettings = {
				ALWAYS_SEARCH_USER_PATHS = NO;
				CLANG_ANALYZER_NONNULL = YES;
				CLANG_ANALYZER_NUMBER_OBJECT_CONVERSION = YES_AGGRESSIVE;
				CLANG_CXX_LANGUAGE_STANDARD = "gnu++14";
				CLANG_CXX_LIBRARY = "libc++";
				CLANG_ENABLE_MODULES = YES;
				CLANG_ENABLE_OBJC_ARC = YES;
				CLANG_WARN_BLOCK_CAPTURE_AUTORELEASING = YES;
				CLANG_WARN_BOOL_CONVERSION = YES;
				CLANG_WARN_COMMA = YES;
				CLANG_WARN_CONSTANT_CONVERSION = YES;
				CLANG_WARN_DIRECT_OBJC_ISA_USAGE = YES_ERROR;
				CLANG_WARN_DOCUMENTATION_COMMENTS = YES;
				CLANG_WARN_EMPTY_BODY = YES;
				CLANG_WARN_ENUM_CONVERSION = YES;
				CLANG_WARN_INFINITE_RECURSION = YES;
				CLANG_WARN_INT_CONVERSION = YES;
				CLANG_WARN_NON_LITERAL_NULL_CONVERSION = YES;
				CLANG_WARN_OBJC_LITERAL_CONVERSION = YES;
				CLANG_WARN_OBJC_ROOT_CLASS = YES_ERROR;
				CLANG_WARN_RANGE_LOOP_ANALYSIS = YES;
				CLANG_WARN_STRICT_PROTOTYPES = YES;
				CLANG_WARN_SUSPICIOUS_MOVE = YES;
				CLANG_WARN_UNGUARDED_AVAILABILITY = YES_AGGRESSIVE;
				CLANG_WARN_UNREACHABLE_CODE = YES;
				CLANG_WARN__DUPLICATE_METHOD_MATCH = YES;
				CODE_SIGN_IDENTITY = "-";
				COPY_PHASE_STRIP = NO;
				DEBUG_INFORMATION_FORMAT = "dwarf-with-dsym";
				ENABLE_NS_ASSERTIONS = NO;
				ENABLE_STRICT_OBJC_MSGSEND = YES;
				GCC_C_LANGUAGE_STANDARD = gnu11;
				GCC_NO_COMMON_BLOCKS = YES;
				GCC_WARN_64_TO_32_BIT_CONVERSION = YES;
				GCC_WARN_ABOUT_RETURN_TYPE = YES_ERROR;
				GCC_WARN_UNDECLARED_SELECTOR = YES;
				GCC_WARN_UNINITIALIZED_AUTOS = YES_AGGRESSIVE;
				GCC_WARN_UNUSED_FUNCTION = YES;
				GCC_WARN_UNUSED_VARIABLE = YES;
				MACOSX_DEPLOYMENT_TARGET = 10.13;
				MTL_ENABLE_DEBUG_INFO = NO;
				SDKROOT = macosx;
			};
			name = Release;
		};
		4612163623D9C8E40042B5CD /* Debug */ = {
			isa = XCBuildConfiguration;
			buildSettings = {
				CODE_SIGN_STYLE = Automatic;
				HEADER_SEARCH_PATHS = /usr/local/Cellar/libevent/2.1.11_1/include/;
				PRODUCT_NAME = "$(TARGET_NAME)";
			};
			name = Debug;
		};
		4612163723D9C8E40042B5CD /* Release */ = {
			isa = XCBuildConfiguration;
			buildSettings = {
				CODE_SIGN_STYLE = Automatic;
				HEADER_SEARCH_PATHS = /usr/local/Cellar/libevent/2.1.11_1/include/;
				PRODUCT_NAME = "$(TARGET_NAME)";
			};
			name = Release;
		};
/* End XCBuildConfiguration section */

/* Begin XCConfigurationList section */
		4612162923D9C8E30042B5CD /* Build configuration list for PBXProject "webserver" */ = {
			isa = XCConfigurationList;
			buildConfigurations = (
				4612163323D9C8E40042B5CD /* Debug */,
				4612163423D9C8E40042B5CD /* Release */,
			);
			defaultConfigurationIsVisible = 0;
			defaultConfigurationName = Release;
		};
		4612163523D9C8E40042B5CD /* Build configuration list for PBXNativeTarget "webserver" */ = {
			isa = XCConfigurationList;
			buildConfigurations = (
				4612163623D9C8E40042B5CD /* Debug */,
				4612163723D9C8E40042B5CD /* Release */,
			);
			defaultConfigurationIsVisible = 0;
			defaultConfigurationName = Release;
		};
/* End XCConfigurationList section */
	};
	rootObject = 4612162623D9C8E30042B5CD /* Project object */;
}
